
Microsoft Visual Studio Solution File, Format Version 12.00
# Visual Studio Version 17
VisualStudioVersion = 17.4.33103.184
MinimumVisualStudioVersion = 10.0.40219.1
Project("{2150E333-8FDC-42A3-9474-1A3956D46DE8}") = "src", "src", "{B0FDC29F-1A25-430E-8748-0EBC1DDA3A2C}"
EndProject
Project("{2150E333-8FDC-42A3-9474-1A3956D46DE8}") = "Core", "Core", "{08DE0E5D-57B6-4F54-9C3E-F0A656BFEF8E}"
EndProject
Project("{2150E333-8FDC-42A3-9474-1A3956D46DE8}") = "Infraestructure", "Infraestructure", "{D4575C60-101C-487F-862E-6DB7F1EAB880}"
EndProject
Project("{2150E333-8FDC-42A3-9474-1A3956D46DE8}") = "Presentation", "Presentation", "{5130635B-DD2F-40EA-BDAA-3B17BA3E3320}"
EndProject
Project("{9A19103F-16F7-4668-BE54-9A1E7A4F7556}") = "Application", "Application\Application.csproj", "{2493DA18-FD65-4CB9-BA5E-40360A60DB72}"
EndProject
Project("{9A19103F-16F7-4668-BE54-9A1E7A4F7556}") = "Domain", "Domain\Domain.csproj", "{9D7DA349-3B59-4FE5-8D8F-8D87C8E147EE}"
EndProject
Project("{9A19103F-16F7-4668-BE54-9A1E7A4F7556}") = "Persistence", "Persistence\Persistence.csproj", "{6611A44D-AEA2-4B16-8024-A90D026EE8CF}"
EndProject
Project("{9A19103F-16F7-4668-BE54-9A1E7A4F7556}") = "Shared", "Shared\Shared.csproj", "{428829D5-7850-4CAB-8356-F5A55C170A37}"
EndProject
Project("{9A19103F-16F7-4668-BE54-9A1E7A4F7556}") = "WebAPI", "WebAPI\WebAPI.csproj", "{3CCC8AD8-4C65-43D8-A04B-E8B610A7C10C}"
EndProject
Project("{FAE04EC0-301F-11D3-BF4B-00C04F79EFBC}") = "Identity", "Identity\Identity.csproj", "{116FB052-AFE4-440B-B34C-C681CA32DB28}"
EndProject
Global
	GlobalSection(SolutionConfigurationPlatforms) = preSolution
		Debug|Any CPU = Debug|Any CPU
		Release|Any CPU = Release|Any CPU
	EndGlobalSection
	GlobalSection(ProjectConfigurationPlatforms) = postSolution
		{2493DA18-FD65-4CB9-BA5E-40360A60DB72}.Debug|Any CPU.ActiveCfg = Debug|Any CPU
		{2493DA18-FD65-4CB9-BA5E-40360A60DB72}.Debug|Any CPU.Build.0 = Debug|Any CPU
		{2493DA18-FD65-4CB9-BA5E-40360A60DB72}.Release|Any CPU.ActiveCfg = Release|Any CPU
		{2493DA18-FD65-4CB9-BA5E-40360A60DB72}.Release|Any CPU.Build.0 = Release|Any CPU
		{9D7DA349-3B59-4FE5-8D8F-8D87C8E147EE}.Debug|Any CPU.ActiveCfg = Debug|Any CPU
		{9D7DA349-3B59-4FE5-8D8F-8D87C8E147EE}.Debug|Any CPU.Build.0 = Debug|Any CPU
		{9D7DA349-3B59-4FE5-8D8F-8D87C8E147EE}.Release|Any CPU.ActiveCfg = Release|Any CPU
		{9D7DA349-3B59-4FE5-8D8F-8D87C8E147EE}.Release|Any CPU.Build.0 = Release|Any CPU
		{6611A44D-AEA2-4B16-8024-A90D026EE8CF}.Debug|Any CPU.ActiveCfg = Debug|Any CPU
		{6611A44D-AEA2-4B16-8024-A90D026EE8CF}.Debug|Any CPU.Build.0 = Debug|Any CPU
		{6611A44D-AEA2-4B16-8024-A90D026EE8CF}.Release|Any CPU.ActiveCfg = Release|Any CPU
		{6611A44D-AEA2-4B16-8024-A90D026EE8CF}.Release|Any CPU.Build.0 = Release|Any CPU
		{428829D5-7850-4CAB-8356-F5A55C170A37}.Debug|Any CPU.ActiveCfg = Debug|Any CPU
		{428829D5-7850-4CAB-8356-F5A55C170A37}.Debug|Any CPU.Build.0 = Debug|Any CPU
		{428829D5-7850-4CAB-8356-F5A55C170A37}.Release|Any CPU.ActiveCfg = Release|Any CPU
		{428829D5-7850-4CAB-8356-F5A55C170A37}.Release|Any CPU.Build.0 = Release|Any CPU
		{3CCC8AD8-4C65-43D8-A04B-E8B610A7C10C}.Debug|Any CPU.ActiveCfg = Debug|Any CPU
		{3CCC8AD8-4C65-43D8-A04B-E8B610A7C10C}.Debug|Any CPU.Build.0 = Debug|Any CPU
		{3CCC8AD8-4C65-43D8-A04B-E8B610A7C10C}.Release|Any CPU.ActiveCfg = Release|Any CPU
		{3CCC8AD8-4C65-43D8-A04B-E8B610A7C10C}.Release|Any CPU.Build.0 = Release|Any CPU
		{116FB052-AFE4-440B-B34C-C681CA32DB28}.Debug|Any CPU.ActiveCfg = Debug|Any CPU
		{116FB052-AFE4-440B-B34C-C681CA32DB28}.Debug|Any CPU.Build.0 = Debug|Any CPU
		{116FB052-AFE4-440B-B34C-C681CA32DB28}.Release|Any CPU.ActiveCfg = Release|Any CPU
		{116FB052-AFE4-440B-B34C-C681CA32DB28}.Release|Any CPU.Build.0 = Release|Any CPU
	EndGlobalSection
	GlobalSection(SolutionProperties) = preSolution
		HideSolutionNode = FALSE
	EndGlobalSection
	GlobalSection(NestedProjects) = preSolution
		{08DE0E5D-57B6-4F54-9C3E-F0A656BFEF8E} = {B0FDC29F-1A25-430E-8748-0EBC1DDA3A2C}
		{D4575C60-101C-487F-862E-6DB7F1EAB880} = {B0FDC29F-1A25-430E-8748-0EBC1DDA3A2C}
		{5130635B-DD2F-40EA-BDAA-3B17BA3E3320} = {B0FDC29F-1A25-430E-8748-0EBC1DDA3A2C}
		{2493DA18-FD65-4CB9-BA5E-40360A60DB72} = {08DE0E5D-57B6-4F54-9C3E-F0A656BFEF8E}
		{9D7DA349-3B59-4FE5-8D8F-8D87C8E147EE} = {08DE0E5D-57B6-4F54-9C3E-F0A656BFEF8E}
		{6611A44D-AEA2-4B16-8024-A90D026EE8CF} = {D4575C60-101C-487F-862E-6DB7F1EAB880}
		{428829D5-7850-4CAB-8356-F5A55C170A37} = {D4575C60-101C-487F-862E-6DB7F1EAB880}
		{3CCC8AD8-4C65-43D8-A04B-E8B610A7C10C} = {5130635B-DD2F-40EA-BDAA-3B17BA3E3320}
		{116FB052-AFE4-440B-B34C-C681CA32DB28} = {D4575C60-101C-487F-862E-6DB7F1EAB880}
	EndGlobalSection
	GlobalSection(ExtensibilityGlobals) = postSolution
		SolutionGuid = {4A93BA4F-80C5-42AB-B34E-409BDB0CE58B}
	EndGlobalSection
EndGlobal
